
Microsoft Visual Studio Solution File, Format Version 12.00
# Visual Studio Express 2012 for Windows Desktop
Project("{FAE04EC0-301F-11D3-BF4B-00C04F79EFBC}") = "Pso2LogWatcher", "Pso2LogWatcher\Pso2LogWatcher.csproj", "{CCA19178-CAD8-49A8-918D-21525D41FFBA}"
EndProject
Project("{FAE04EC0-301F-11D3-BF4B-00C04F79EFBC}") = "LivetubeClient", "LivetubeClient\LivetubeClient.csproj", "{425D2101-6865-47C0-99FD-64001EABA4DC}"
EndProject
Project("{FAE04EC0-301F-11D3-BF4B-00C04F79EFBC}") = "Pso2LogSender", "Pso2LogSender\Pso2LogSender.csproj", "{129657AB-D27E-4CED-BFF2-5BA2267455BF}"
	ProjectSection(ProjectDependencies) = postProject
		{425D2101-6865-47C0-99FD-64001EABA4DC} = {425D2101-6865-47C0-99FD-64001EABA4DC}
		{CCA19178-CAD8-49A8-918D-21525D41FFBA} = {CCA19178-CAD8-49A8-918D-21525D41FFBA}
	EndProjectSection
EndProject
Project("{FAE04EC0-301F-11D3-BF4B-00C04F79EFBC}") = "CsvParserTest", "CsvParserTest\CsvParserTest.csproj", "{5205CEF5-A75A-4D72-94D8-FEFD0F9F6075}"
EndProject
Project("{FAE04EC0-301F-11D3-BF4B-00C04F79EFBC}") = "CsvParser", "CsvParser\CsvParser.csproj", "{5800BE80-D8ED-4D71-BD96-BF7EB013652A}"
EndProject
Project("{FAE04EC0-301F-11D3-BF4B-00C04F79EFBC}") = "TailFollowStream", "TailFollowStream\TailFollowStream.csproj", "{D55DF342-4365-40D1-AAFD-CC705E87BED5}"
EndProject
Project("{FAE04EC0-301F-11D3-BF4B-00C04F79EFBC}") = "TailFollowStreamTest", "TailFollowStreamTest\TailFollowStreamTest.csproj", "{00454E38-424A-416C-9ACD-4ED1B8905651}"
EndProject
Project("{FAE04EC0-301F-11D3-BF4B-00C04F79EFBC}") = "Pso2LogWatcherTest", "Pso2LogWatcherTest\Pso2LogWatcherTest.csproj", "{DD168FFB-B82D-4E92-AAB5-38318F99CECA}"
EndProject
Project("{FAE04EC0-301F-11D3-BF4B-00C04F79EFBC}") = "LivetubeClientTest", "LivetubeClientTest\LivetubeClientTest.csproj", "{89983B67-01EE-47E0-9EEE-D4453FBF856A}"
EndProject
Project("{FAE04EC0-301F-11D3-BF4B-00C04F79EFBC}") = "Pso2LogSenderTest", "Pso2LogSenderTest\Pso2LogSenderTest.csproj", "{1B91FE8D-5F6F-479F-AA60-9CC63D7D7D6F}"
EndProject
Global
	GlobalSection(SolutionConfigurationPlatforms) = preSolution
		Debug|Any CPU = Debug|Any CPU
		DebugILMerge|Any CPU = DebugILMerge|Any CPU
		Release|Any CPU = Release|Any CPU
		ReleaseILMerge|Any CPU = ReleaseILMerge|Any CPU
		Test|Any CPU = Test|Any CPU
	EndGlobalSection
	GlobalSection(ProjectConfigurationPlatforms) = postSolution
		{CCA19178-CAD8-49A8-918D-21525D41FFBA}.Debug|Any CPU.ActiveCfg = Debug|Any CPU
		{CCA19178-CAD8-49A8-918D-21525D41FFBA}.Debug|Any CPU.Build.0 = Debug|Any CPU
		{CCA19178-CAD8-49A8-918D-21525D41FFBA}.DebugILMerge|Any CPU.ActiveCfg = Debug|Any CPU
		{CCA19178-CAD8-49A8-918D-21525D41FFBA}.DebugILMerge|Any CPU.Build.0 = Debug|Any CPU
		{CCA19178-CAD8-49A8-918D-21525D41FFBA}.Release|Any CPU.ActiveCfg = Release|Any CPU
		{CCA19178-CAD8-49A8-918D-21525D41FFBA}.Release|Any CPU.Build.0 = Release|Any CPU
		{CCA19178-CAD8-49A8-918D-21525D41FFBA}.ReleaseILMerge|Any CPU.ActiveCfg = Release|Any CPU
		{CCA19178-CAD8-49A8-918D-21525D41FFBA}.ReleaseILMerge|Any CPU.Build.0 = Release|Any CPU
		{CCA19178-CAD8-49A8-918D-21525D41FFBA}.Test|Any CPU.ActiveCfg = Release|Any CPU
		{CCA19178-CAD8-49A8-918D-21525D41FFBA}.Test|Any CPU.Build.0 = Release|Any CPU
		{425D2101-6865-47C0-99FD-64001EABA4DC}.Debug|Any CPU.ActiveCfg = Debug|Any CPU
		{425D2101-6865-47C0-99FD-64001EABA4DC}.Debug|Any CPU.Build.0 = Debug|Any CPU
		{425D2101-6865-47C0-99FD-64001EABA4DC}.DebugILMerge|Any CPU.ActiveCfg = Debug|Any CPU
		{425D2101-6865-47C0-99FD-64001EABA4DC}.DebugILMerge|Any CPU.Build.0 = Debug|Any CPU
		{425D2101-6865-47C0-99FD-64001EABA4DC}.Release|Any CPU.ActiveCfg = Release|Any CPU
		{425D2101-6865-47C0-99FD-64001EABA4DC}.Release|Any CPU.Build.0 = Release|Any CPU
		{425D2101-6865-47C0-99FD-64001EABA4DC}.ReleaseILMerge|Any CPU.ActiveCfg = Release|Any CPU
		{425D2101-6865-47C0-99FD-64001EABA4DC}.ReleaseILMerge|Any CPU.Build.0 = Release|Any CPU
		{425D2101-6865-47C0-99FD-64001EABA4DC}.Test|Any CPU.ActiveCfg = Release|Any CPU
		{425D2101-6865-47C0-99FD-64001EABA4DC}.Test|Any CPU.Build.0 = Release|Any CPU
		{129657AB-D27E-4CED-BFF2-5BA2267455BF}.Debug|Any CPU.ActiveCfg = Debug|Any CPU
		{129657AB-D27E-4CED-BFF2-5BA2267455BF}.Debug|Any CPU.Build.0 = Debug|Any CPU
		{129657AB-D27E-4CED-BFF2-5BA2267455BF}.DebugILMerge|Any CPU.ActiveCfg = Debug|Any CPU
		{129657AB-D27E-4CED-BFF2-5BA2267455BF}.DebugILMerge|Any CPU.Build.0 = Debug|Any CPU
		{129657AB-D27E-4CED-BFF2-5BA2267455BF}.Release|Any CPU.ActiveCfg = Release|Any CPU
		{129657AB-D27E-4CED-BFF2-5BA2267455BF}.Release|Any CPU.Build.0 = Release|Any CPU
		{129657AB-D27E-4CED-BFF2-5BA2267455BF}.ReleaseILMerge|Any CPU.ActiveCfg = Release|Any CPU
		{129657AB-D27E-4CED-BFF2-5BA2267455BF}.ReleaseILMerge|Any CPU.Build.0 = Release|Any CPU
		{129657AB-D27E-4CED-BFF2-5BA2267455BF}.Test|Any CPU.ActiveCfg = Release|Any CPU
		{129657AB-D27E-4CED-BFF2-5BA2267455BF}.Test|Any CPU.Build.0 = Release|Any CPU
		{5205CEF5-A75A-4D72-94D8-FEFD0F9F6075}.Debug|Any CPU.ActiveCfg = Debug|Any CPU
		{5205CEF5-A75A-4D72-94D8-FEFD0F9F6075}.Debug|Any CPU.Build.0 = Debug|Any CPU
		{5205CEF5-A75A-4D72-94D8-FEFD0F9F6075}.DebugILMerge|Any CPU.ActiveCfg = Debug|Any CPU
		{5205CEF5-A75A-4D72-94D8-FEFD0F9F6075}.DebugILMerge|Any CPU.Build.0 = Debug|Any CPU
		{5205CEF5-A75A-4D72-94D8-FEFD0F9F6075}.Release|Any CPU.ActiveCfg = Release|Any CPU
		{5205CEF5-A75A-4D72-94D8-FEFD0F9F6075}.Release|Any CPU.Build.0 = Release|Any CPU
		{5205CEF5-A75A-4D72-94D8-FEFD0F9F6075}.ReleaseILMerge|Any CPU.ActiveCfg = Release|Any CPU
		{5205CEF5-A75A-4D72-94D8-FEFD0F9F6075}.ReleaseILMerge|Any CPU.Build.0 = Release|Any CPU
		{5205CEF5-A75A-4D72-94D8-FEFD0F9F6075}.Test|Any CPU.ActiveCfg = Release|Any CPU
		{5205CEF5-A75A-4D72-94D8-FEFD0F9F6075}.Test|Any CPU.Build.0 = Release|Any CPU
		{5800BE80-D8ED-4D71-BD96-BF7EB013652A}.Debug|Any CPU.ActiveCfg = Debug|Any CPU
		{5800BE80-D8ED-4D71-BD96-BF7EB013652A}.Debug|Any CPU.Build.0 = Debug|Any CPU
		{5800BE80-D8ED-4D71-BD96-BF7EB013652A}.DebugILMerge|Any CPU.ActiveCfg = Debug|Any CPU
		{5800BE80-D8ED-4D71-BD96-BF7EB013652A}.DebugILMerge|Any CPU.Build.0 = Debug|Any CPU
		{5800BE80-D8ED-4D71-BD96-BF7EB013652A}.Release|Any CPU.ActiveCfg = Release|Any CPU
		{5800BE80-D8ED-4D71-BD96-BF7EB013652A}.Release|Any CPU.Build.0 = Release|Any CPU
		{5800BE80-D8ED-4D71-BD96-BF7EB013652A}.ReleaseILMerge|Any CPU.ActiveCfg = Release|Any CPU
		{5800BE80-D8ED-4D71-BD96-BF7EB013652A}.ReleaseILMerge|Any CPU.Build.0 = Release|Any CPU
		{5800BE80-D8ED-4D71-BD96-BF7EB013652A}.Test|Any CPU.ActiveCfg = Release|Any CPU
		{5800BE80-D8ED-4D71-BD96-BF7EB013652A}.Test|Any CPU.Build.0 = Release|Any CPU
		{D55DF342-4365-40D1-AAFD-CC705E87BED5}.Debug|Any CPU.ActiveCfg = Debug|Any CPU
		{D55DF342-4365-40D1-AAFD-CC705E87BED5}.Debug|Any CPU.Build.0 = Debug|Any CPU
		{D55DF342-4365-40D1-AAFD-CC705E87BED5}.DebugILMerge|Any CPU.ActiveCfg = Debug|Any CPU
		{D55DF342-4365-40D1-AAFD-CC705E87BED5}.DebugILMerge|Any CPU.Build.0 = Debug|Any CPU
		{D55DF342-4365-40D1-AAFD-CC705E87BED5}.Release|Any CPU.ActiveCfg = Release|Any CPU
		{D55DF342-4365-40D1-AAFD-CC705E87BED5}.Release|Any CPU.Build.0 = Release|Any CPU
		{D55DF342-4365-40D1-AAFD-CC705E87BED5}.ReleaseILMerge|Any CPU.ActiveCfg = Release|Any CPU
		{D55DF342-4365-40D1-AAFD-CC705E87BED5}.ReleaseILMerge|Any CPU.Build.0 = Release|Any CPU
		{D55DF342-4365-40D1-AAFD-CC705E87BED5}.Test|Any CPU.ActiveCfg = Release|Any CPU
		{D55DF342-4365-40D1-AAFD-CC705E87BED5}.Test|Any CPU.Build.0 = Release|Any CPU
		{00454E38-424A-416C-9ACD-4ED1B8905651}.Debug|Any CPU.ActiveCfg = Debug|Any CPU
		{00454E38-424A-416C-9ACD-4ED1B8905651}.Debug|Any CPU.Build.0 = Debug|Any CPU
		{00454E38-424A-416C-9ACD-4ED1B8905651}.DebugILMerge|Any CPU.ActiveCfg = Debug|Any CPU
		{00454E38-424A-416C-9ACD-4ED1B8905651}.DebugILMerge|Any CPU.Build.0 = Debug|Any CPU
		{00454E38-424A-416C-9ACD-4ED1B8905651}.Release|Any CPU.ActiveCfg = Release|Any CPU
		{00454E38-424A-416C-9ACD-4ED1B8905651}.Release|Any CPU.Build.0 = Release|Any CPU
		{00454E38-424A-416C-9ACD-4ED1B8905651}.ReleaseILMerge|Any CPU.ActiveCfg = Release|Any CPU
		{00454E38-424A-416C-9ACD-4ED1B8905651}.ReleaseILMerge|Any CPU.Build.0 = Release|Any CPU
		{00454E38-424A-416C-9ACD-4ED1B8905651}.Test|Any CPU.ActiveCfg = Release|Any CPU
		{00454E38-424A-416C-9ACD-4ED1B8905651}.Test|Any CPU.Build.0 = Release|Any CPU
		{DD168FFB-B82D-4E92-AAB5-38318F99CECA}.Debug|Any CPU.ActiveCfg = Debug|Any CPU
		{DD168FFB-B82D-4E92-AAB5-38318F99CECA}.Debug|Any CPU.Build.0 = Debug|Any CPU
		{DD168FFB-B82D-4E92-AAB5-38318F99CECA}.DebugILMerge|Any CPU.ActiveCfg = Debug|Any CPU
		{DD168FFB-B82D-4E92-AAB5-38318F99CECA}.DebugILMerge|Any CPU.Build.0 = Debug|Any CPU
		{DD168FFB-B82D-4E92-AAB5-38318F99CECA}.Release|Any CPU.ActiveCfg = Release|Any CPU
		{DD168FFB-B82D-4E92-AAB5-38318F99CECA}.Release|Any CPU.Build.0 = Release|Any CPU
		{DD168FFB-B82D-4E92-AAB5-38318F99CECA}.ReleaseILMerge|Any CPU.ActiveCfg = Release|Any CPU
		{DD168FFB-B82D-4E92-AAB5-38318F99CECA}.ReleaseILMerge|Any CPU.Build.0 = Release|Any CPU
		{DD168FFB-B82D-4E92-AAB5-38318F99CECA}.Test|Any CPU.ActiveCfg = Release|Any CPU
		{DD168FFB-B82D-4E92-AAB5-38318F99CECA}.Test|Any CPU.Build.0 = Release|Any CPU
		{89983B67-01EE-47E0-9EEE-D4453FBF856A}.Debug|Any CPU.ActiveCfg = Debug|Any CPU
		{89983B67-01EE-47E0-9EEE-D4453FBF856A}.Debug|Any CPU.Build.0 = Debug|Any CPU
		{89983B67-01EE-47E0-9EEE-D4453FBF856A}.DebugILMerge|Any CPU.ActiveCfg = Debug|Any CPU
		{89983B67-01EE-47E0-9EEE-D4453FBF856A}.DebugILMerge|Any CPU.Build.0 = Debug|Any CPU
		{89983B67-01EE-47E0-9EEE-D4453FBF856A}.Release|Any CPU.ActiveCfg = Release|Any CPU
		{89983B67-01EE-47E0-9EEE-D4453FBF856A}.Release|Any CPU.Build.0 = Release|Any CPU
		{89983B67-01EE-47E0-9EEE-D4453FBF856A}.ReleaseILMerge|Any CPU.ActiveCfg = Release|Any CPU
		{89983B67-01EE-47E0-9EEE-D4453FBF856A}.ReleaseILMerge|Any CPU.Build.0 = Release|Any CPU
		{89983B67-01EE-47E0-9EEE-D4453FBF856A}.Test|Any CPU.ActiveCfg = Release|Any CPU
		{89983B67-01EE-47E0-9EEE-D4453FBF856A}.Test|Any CPU.Build.0 = Release|Any CPU
		{1B91FE8D-5F6F-479F-AA60-9CC63D7D7D6F}.Debug|Any CPU.ActiveCfg = Debug|Any CPU
		{1B91FE8D-5F6F-479F-AA60-9CC63D7D7D6F}.Debug|Any CPU.Build.0 = Debug|Any CPU
		{1B91FE8D-5F6F-479F-AA60-9CC63D7D7D6F}.DebugILMerge|Any CPU.ActiveCfg = Debug|Any CPU
		{1B91FE8D-5F6F-479F-AA60-9CC63D7D7D6F}.DebugILMerge|Any CPU.Build.0 = Debug|Any CPU
		{1B91FE8D-5F6F-479F-AA60-9CC63D7D7D6F}.Release|Any CPU.ActiveCfg = Release|Any CPU
		{1B91FE8D-5F6F-479F-AA60-9CC63D7D7D6F}.Release|Any CPU.Build.0 = Release|Any CPU
		{1B91FE8D-5F6F-479F-AA60-9CC63D7D7D6F}.ReleaseILMerge|Any CPU.ActiveCfg = Release|Any CPU
		{1B91FE8D-5F6F-479F-AA60-9CC63D7D7D6F}.ReleaseILMerge|Any CPU.Build.0 = Release|Any CPU
		{1B91FE8D-5F6F-479F-AA60-9CC63D7D7D6F}.Test|Any CPU.ActiveCfg = Release|Any CPU
		{1B91FE8D-5F6F-479F-AA60-9CC63D7D7D6F}.Test|Any CPU.Build.0 = Release|Any CPU
	EndGlobalSection
	GlobalSection(SolutionProperties) = preSolution
		HideSolutionNode = FALSE
	EndGlobalSection
EndGlobal
